
Microsoft Visual Studio Solution File, Format Version 12.00
# Visual Studio Version 16
VisualStudioVersion = 16.0.31205.134
MinimumVisualStudioVersion = 10.0.40219.1
Project("{FAE04EC0-301F-11D3-BF4B-00C04F79EFBC}") = "ShannonEntropy.Android", "ShannonEntropy.Android\ShannonEntropy.Android.csproj", "{385C3841-D5B9-4247-BE5A-81F217878CD7}"
EndProject
Project("{FAE04EC0-301F-11D3-BF4B-00C04F79EFBC}") = "ShannonEntropy.iOS", "ShannonEntropy.iOS\ShannonEntropy.iOS.csproj", "{BE62974C-6E27-4F7E-8D8F-A8E439596144}"
EndProject
Project("{9A19103F-16F7-4668-BE54-9A1E7A4F7556}") = "ShannonEntropy", "ShannonEntropy\ShannonEntropy.csproj", "{18C904B0-060F-4DF4-814E-0895C947FB66}"
EndProject
Project("{2150E333-8FDC-42A3-9474-1A3956D46DE8}") = "Kit", "Kit", "{52078905-E039-4085-A552-B56B22205CD1}"
EndProject
Project("{9A19103F-16F7-4668-BE54-9A1E7A4F7556}") = "Kit", "..\..\Kit\Kit\Kit.csproj", "{ADB807B9-87D7-4449-8F0F-DBEF2B697F95}"
EndProject
Project("{9A19103F-16F7-4668-BE54-9A1E7A4F7556}") = "Kit.Droid", "..\..\Kit\Kit.Droid\Kit.Droid.csproj", "{69924835-CCFB-4764-A16F-F31295748C29}"
EndProject
Project("{9A19103F-16F7-4668-BE54-9A1E7A4F7556}") = "Kit.Forms", "..\..\Kit\Kit.Forms\Kit.Forms.csproj", "{DEEDBFE5-B7E3-44A8-A7FB-4C377ED78A20}"
EndProject
Project("{FAE04EC0-301F-11D3-BF4B-00C04F79EFBC}") = "Kit.iOS", "..\..\Kit\Kit.iOS\Kit.iOS.csproj", "{DE4B3620-B011-4AB8-84D8-05E073DAB97E}"
EndProject
Project("{FAE04EC0-301F-11D3-BF4B-00C04F79EFBC}") = "Kit.UWP", "..\..\Kit\Kit.UWP\Kit.UWP.csproj", "{448253EC-BF0C-4173-885B-F9F7B92D511C}"
EndProject
Project("{8BC9CEB8-8B4A-11D0-8D11-00A0C91BC942}") = "EntropyLibrary.Shared", "EntropyLibrary\EntropyLibrary.Shared\EntropyLibrary.Shared.vcxitems", "{B0A288C3-140A-4713-BC75-48049D4017E3}"
EndProject
Project("{8BC9CEB8-8B4A-11D0-8D11-00A0C91BC942}") = "EntropyLibrary.Android", "EntropyLibrary\EntropyLibrary.Android\EntropyLibrary.Android.vcxproj", "{AE6393A4-D4BD-482E-B6E3-B9723AC9E8AB}"
EndProject
Project("{8BC9CEB8-8B4A-11D0-8D11-00A0C91BC942}") = "EntropyLibrary.iOS", "EntropyLibrary\EntropyLibrary.iOS\EntropyLibrary.iOS.vcxproj", "{54F96047-80DA-46AC-9566-4A7631FAC4C9}"
EndProject
Project("{2150E333-8FDC-42A3-9474-1A3956D46DE8}") = "EntropyLibrary", "EntropyLibrary", "{48243372-BFAA-445F-AB89-3DE2EB52F921}"
EndProject
Global
	GlobalSection(SharedMSBuildProjectFiles) = preSolution
		EntropyLibrary\EntropyLibrary.Shared\EntropyLibrary.Shared.vcxitems*{ae6393a4-d4bd-482e-b6e3-b9723ac9e8ab}*SharedItemsImports = 4
		EntropyLibrary\EntropyLibrary.Shared\EntropyLibrary.Shared.vcxitems*{b0a288c3-140a-4713-bc75-48049d4017e3}*SharedItemsImports = 9
	EndGlobalSection
	GlobalSection(SolutionConfigurationPlatforms) = preSolution
		Debug|Any CPU = Debug|Any CPU
		Debug|ARM = Debug|ARM
		Debug|ARM64 = Debug|ARM64
		Debug|iPhone = Debug|iPhone
		Debug|iPhoneSimulator = Debug|iPhoneSimulator
		Debug|x64 = Debug|x64
		Debug|x86 = Debug|x86
		Gorilla|Any CPU = Gorilla|Any CPU
		Gorilla|ARM = Gorilla|ARM
		Gorilla|ARM64 = Gorilla|ARM64
		Gorilla|iPhone = Gorilla|iPhone
		Gorilla|iPhoneSimulator = Gorilla|iPhoneSimulator
		Gorilla|x64 = Gorilla|x64
		Gorilla|x86 = Gorilla|x86
		Release|Any CPU = Release|Any CPU
		Release|ARM = Release|ARM
		Release|ARM64 = Release|ARM64
		Release|iPhone = Release|iPhone
		Release|iPhoneSimulator = Release|iPhoneSimulator
		Release|x64 = Release|x64
		Release|x86 = Release|x86
	EndGlobalSection
	GlobalSection(ProjectConfigurationPlatforms) = postSolution
		{385C3841-D5B9-4247-BE5A-81F217878CD7}.Debug|Any CPU.ActiveCfg = Debug|Any CPU
		{385C3841-D5B9-4247-BE5A-81F217878CD7}.Debug|Any CPU.Build.0 = Debug|Any CPU
		{385C3841-D5B9-4247-BE5A-81F217878CD7}.Debug|Any CPU.Deploy.0 = Debug|Any CPU
		{385C3841-D5B9-4247-BE5A-81F217878CD7}.Debug|ARM.ActiveCfg = Debug|Any CPU
		{385C3841-D5B9-4247-BE5A-81F217878CD7}.Debug|ARM.Build.0 = Debug|Any CPU
		{385C3841-D5B9-4247-BE5A-81F217878CD7}.Debug|ARM.Deploy.0 = Debug|Any CPU
		{385C3841-D5B9-4247-BE5A-81F217878CD7}.Debug|ARM64.ActiveCfg = Debug|Any CPU
		{385C3841-D5B9-4247-BE5A-81F217878CD7}.Debug|ARM64.Build.0 = Debug|Any CPU
		{385C3841-D5B9-4247-BE5A-81F217878CD7}.Debug|ARM64.Deploy.0 = Debug|Any CPU
		{385C3841-D5B9-4247-BE5A-81F217878CD7}.Debug|iPhone.ActiveCfg = Debug|Any CPU
		{385C3841-D5B9-4247-BE5A-81F217878CD7}.Debug|iPhone.Build.0 = Debug|Any CPU
		{385C3841-D5B9-4247-BE5A-81F217878CD7}.Debug|iPhone.Deploy.0 = Debug|Any CPU
		{385C3841-D5B9-4247-BE5A-81F217878CD7}.Debug|iPhoneSimulator.ActiveCfg = Debug|Any CPU
		{385C3841-D5B9-4247-BE5A-81F217878CD7}.Debug|iPhoneSimulator.Build.0 = Debug|Any CPU
		{385C3841-D5B9-4247-BE5A-81F217878CD7}.Debug|iPhoneSimulator.Deploy.0 = Debug|Any CPU
		{385C3841-D5B9-4247-BE5A-81F217878CD7}.Debug|x64.ActiveCfg = Debug|Any CPU
		{385C3841-D5B9-4247-BE5A-81F217878CD7}.Debug|x64.Build.0 = Debug|Any CPU
		{385C3841-D5B9-4247-BE5A-81F217878CD7}.Debug|x64.Deploy.0 = Debug|Any CPU
		{385C3841-D5B9-4247-BE5A-81F217878CD7}.Debug|x86.ActiveCfg = Debug|Any CPU
		{385C3841-D5B9-4247-BE5A-81F217878CD7}.Debug|x86.Build.0 = Debug|Any CPU
		{385C3841-D5B9-4247-BE5A-81F217878CD7}.Debug|x86.Deploy.0 = Debug|Any CPU
		{385C3841-D5B9-4247-BE5A-81F217878CD7}.Gorilla|Any CPU.ActiveCfg = Debug|Any CPU
		{385C3841-D5B9-4247-BE5A-81F217878CD7}.Gorilla|Any CPU.Build.0 = Debug|Any CPU
		{385C3841-D5B9-4247-BE5A-81F217878CD7}.Gorilla|Any CPU.Deploy.0 = Debug|Any CPU
		{385C3841-D5B9-4247-BE5A-81F217878CD7}.Gorilla|ARM.ActiveCfg = Debug|Any CPU
		{385C3841-D5B9-4247-BE5A-81F217878CD7}.Gorilla|ARM.Build.0 = Debug|Any CPU
		{385C3841-D5B9-4247-BE5A-81F217878CD7}.Gorilla|ARM.Deploy.0 = Debug|Any CPU
		{385C3841-D5B9-4247-BE5A-81F217878CD7}.Gorilla|ARM64.ActiveCfg = Debug|Any CPU
		{385C3841-D5B9-4247-BE5A-81F217878CD7}.Gorilla|ARM64.Build.0 = Debug|Any CPU
		{385C3841-D5B9-4247-BE5A-81F217878CD7}.Gorilla|ARM64.Deploy.0 = Debug|Any CPU
		{385C3841-D5B9-4247-BE5A-81F217878CD7}.Gorilla|iPhone.ActiveCfg = Debug|Any CPU
		{385C3841-D5B9-4247-BE5A-81F217878CD7}.Gorilla|iPhone.Build.0 = Debug|Any CPU
		{385C3841-D5B9-4247-BE5A-81F217878CD7}.Gorilla|iPhone.Deploy.0 = Debug|Any CPU
		{385C3841-D5B9-4247-BE5A-81F217878CD7}.Gorilla|iPhoneSimulator.ActiveCfg = Debug|Any CPU
		{385C3841-D5B9-4247-BE5A-81F217878CD7}.Gorilla|iPhoneSimulator.Build.0 = Debug|Any CPU
		{385C3841-D5B9-4247-BE5A-81F217878CD7}.Gorilla|iPhoneSimulator.Deploy.0 = Debug|Any CPU
		{385C3841-D5B9-4247-BE5A-81F217878CD7}.Gorilla|x64.ActiveCfg = Debug|Any CPU
		{385C3841-D5B9-4247-BE5A-81F217878CD7}.Gorilla|x64.Build.0 = Debug|Any CPU
		{385C3841-D5B9-4247-BE5A-81F217878CD7}.Gorilla|x64.Deploy.0 = Debug|Any CPU
		{385C3841-D5B9-4247-BE5A-81F217878CD7}.Gorilla|x86.ActiveCfg = Debug|Any CPU
		{385C3841-D5B9-4247-BE5A-81F217878CD7}.Gorilla|x86.Build.0 = Debug|Any CPU
		{385C3841-D5B9-4247-BE5A-81F217878CD7}.Gorilla|x86.Deploy.0 = Debug|Any CPU
		{385C3841-D5B9-4247-BE5A-81F217878CD7}.Release|Any CPU.ActiveCfg = Release|Any CPU
		{385C3841-D5B9-4247-BE5A-81F217878CD7}.Release|Any CPU.Build.0 = Release|Any CPU
		{385C3841-D5B9-4247-BE5A-81F217878CD7}.Release|Any CPU.Deploy.0 = Release|Any CPU
		{385C3841-D5B9-4247-BE5A-81F217878CD7}.Release|ARM.ActiveCfg = Release|Any CPU
		{385C3841-D5B9-4247-BE5A-81F217878CD7}.Release|ARM.Build.0 = Release|Any CPU
		{385C3841-D5B9-4247-BE5A-81F217878CD7}.Release|ARM.Deploy.0 = Release|Any CPU
		{385C3841-D5B9-4247-BE5A-81F217878CD7}.Release|ARM64.ActiveCfg = Release|Any CPU
		{385C3841-D5B9-4247-BE5A-81F217878CD7}.Release|ARM64.Build.0 = Release|Any CPU
		{385C3841-D5B9-4247-BE5A-81F217878CD7}.Release|ARM64.Deploy.0 = Release|Any CPU
		{385C3841-D5B9-4247-BE5A-81F217878CD7}.Release|iPhone.ActiveCfg = Release|Any CPU
		{385C3841-D5B9-4247-BE5A-81F217878CD7}.Release|iPhone.Build.0 = Release|Any CPU
		{385C3841-D5B9-4247-BE5A-81F217878CD7}.Release|iPhone.Deploy.0 = Release|Any CPU
		{385C3841-D5B9-4247-BE5A-81F217878CD7}.Release|iPhoneSimulator.ActiveCfg = Release|Any CPU
		{385C3841-D5B9-4247-BE5A-81F217878CD7}.Release|iPhoneSimulator.Build.0 = Release|Any CPU
		{385C3841-D5B9-4247-BE5A-81F217878CD7}.Release|iPhoneSimulator.Deploy.0 = Release|Any CPU
		{385C3841-D5B9-4247-BE5A-81F217878CD7}.Release|x64.ActiveCfg = Release|Any CPU
		{385C3841-D5B9-4247-BE5A-81F217878CD7}.Release|x64.Build.0 = Release|Any CPU
		{385C3841-D5B9-4247-BE5A-81F217878CD7}.Release|x64.Deploy.0 = Release|Any CPU
		{385C3841-D5B9-4247-BE5A-81F217878CD7}.Release|x86.ActiveCfg = Release|Any CPU
		{385C3841-D5B9-4247-BE5A-81F217878CD7}.Release|x86.Build.0 = Release|Any CPU
		{385C3841-D5B9-4247-BE5A-81F217878CD7}.Release|x86.Deploy.0 = Release|Any CPU
		{BE62974C-6E27-4F7E-8D8F-A8E439596144}.Debug|Any CPU.ActiveCfg = Debug|iPhoneSimulator
		{BE62974C-6E27-4F7E-8D8F-A8E439596144}.Debug|Any CPU.Build.0 = Debug|iPhoneSimulator
		{BE62974C-6E27-4F7E-8D8F-A8E439596144}.Debug|Any CPU.Deploy.0 = Debug|iPhoneSimulator
		{BE62974C-6E27-4F7E-8D8F-A8E439596144}.Debug|ARM.ActiveCfg = Debug|iPhone
		{BE62974C-6E27-4F7E-8D8F-A8E439596144}.Debug|ARM.Build.0 = Debug|iPhone
		{BE62974C-6E27-4F7E-8D8F-A8E439596144}.Debug|ARM.Deploy.0 = Debug|iPhone
		{BE62974C-6E27-4F7E-8D8F-A8E439596144}.Debug|ARM64.ActiveCfg = Debug|iPhoneSimulator
		{BE62974C-6E27-4F7E-8D8F-A8E439596144}.Debug|iPhone.ActiveCfg = Debug|iPhone
		{BE62974C-6E27-4F7E-8D8F-A8E439596144}.Debug|iPhone.Build.0 = Debug|iPhone
		{BE62974C-6E27-4F7E-8D8F-A8E439596144}.Debug|iPhone.Deploy.0 = Debug|iPhone
		{BE62974C-6E27-4F7E-8D8F-A8E439596144}.Debug|iPhoneSimulator.ActiveCfg = Debug|iPhoneSimulator
		{BE62974C-6E27-4F7E-8D8F-A8E439596144}.Debug|iPhoneSimulator.Build.0 = Debug|iPhoneSimulator
		{BE62974C-6E27-4F7E-8D8F-A8E439596144}.Debug|iPhoneSimulator.Deploy.0 = Debug|iPhoneSimulator
		{BE62974C-6E27-4F7E-8D8F-A8E439596144}.Debug|x64.ActiveCfg = Debug|iPhoneSimulator
		{BE62974C-6E27-4F7E-8D8F-A8E439596144}.Debug|x64.Build.0 = Debug|iPhoneSimulator
		{BE62974C-6E27-4F7E-8D8F-A8E439596144}.Debug|x64.Deploy.0 = Debug|iPhoneSimulator
		{BE62974C-6E27-4F7E-8D8F-A8E439596144}.Debug|x86.ActiveCfg = Debug|iPhoneSimulator
		{BE62974C-6E27-4F7E-8D8F-A8E439596144}.Debug|x86.Build.0 = Debug|iPhoneSimulator
		{BE62974C-6E27-4F7E-8D8F-A8E439596144}.Debug|x86.Deploy.0 = Debug|iPhoneSimulator
		{BE62974C-6E27-4F7E-8D8F-A8E439596144}.Gorilla|Any CPU.ActiveCfg = Debug|iPhoneSimulator
		{BE62974C-6E27-4F7E-8D8F-A8E439596144}.Gorilla|Any CPU.Build.0 = Debug|iPhoneSimulator
		{BE62974C-6E27-4F7E-8D8F-A8E439596144}.Gorilla|ARM.ActiveCfg = Debug|iPhoneSimulator
		{BE62974C-6E27-4F7E-8D8F-A8E439596144}.Gorilla|ARM.Build.0 = Debug|iPhoneSimulator
		{BE62974C-6E27-4F7E-8D8F-A8E439596144}.Gorilla|ARM64.ActiveCfg = Debug|iPhoneSimulator
		{BE62974C-6E27-4F7E-8D8F-A8E439596144}.Gorilla|ARM64.Build.0 = Debug|iPhoneSimulator
		{BE62974C-6E27-4F7E-8D8F-A8E439596144}.Gorilla|iPhone.ActiveCfg = Debug|iPhone
		{BE62974C-6E27-4F7E-8D8F-A8E439596144}.Gorilla|iPhone.Build.0 = Debug|iPhone
		{BE62974C-6E27-4F7E-8D8F-A8E439596144}.Gorilla|iPhoneSimulator.ActiveCfg = Debug|iPhoneSimulator
		{BE62974C-6E27-4F7E-8D8F-A8E439596144}.Gorilla|iPhoneSimulator.Build.0 = Debug|iPhoneSimulator
		{BE62974C-6E27-4F7E-8D8F-A8E439596144}.Gorilla|x64.ActiveCfg = Debug|iPhoneSimulator
		{BE62974C-6E27-4F7E-8D8F-A8E439596144}.Gorilla|x64.Build.0 = Debug|iPhoneSimulator
		{BE62974C-6E27-4F7E-8D8F-A8E439596144}.Gorilla|x86.ActiveCfg = Debug|iPhoneSimulator
		{BE62974C-6E27-4F7E-8D8F-A8E439596144}.Gorilla|x86.Build.0 = Debug|iPhoneSimulator
		{BE62974C-6E27-4F7E-8D8F-A8E439596144}.Release|Any CPU.ActiveCfg = Release|iPhoneSimulator
		{BE62974C-6E27-4F7E-8D8F-A8E439596144}.Release|Any CPU.Build.0 = Release|iPhoneSimulator
		{BE62974C-6E27-4F7E-8D8F-A8E439596144}.Release|Any CPU.Deploy.0 = Release|iPhoneSimulator
		{BE62974C-6E27-4F7E-8D8F-A8E439596144}.Release|ARM.ActiveCfg = Release|iPhoneSimulator
		{BE62974C-6E27-4F7E-8D8F-A8E439596144}.Release|ARM.Build.0 = Release|iPhoneSimulator
		{BE62974C-6E27-4F7E-8D8F-A8E439596144}.Release|ARM.Deploy.0 = Release|iPhoneSimulator
		{BE62974C-6E27-4F7E-8D8F-A8E439596144}.Release|ARM64.ActiveCfg = Release|iPhoneSimulator
		{BE62974C-6E27-4F7E-8D8F-A8E439596144}.Release|iPhone.ActiveCfg = Release|iPhone
		{BE62974C-6E27-4F7E-8D8F-A8E439596144}.Release|iPhone.Build.0 = Release|iPhone
		{BE62974C-6E27-4F7E-8D8F-A8E439596144}.Release|iPhone.Deploy.0 = Release|iPhone
		{BE62974C-6E27-4F7E-8D8F-A8E439596144}.Release|iPhoneSimulator.ActiveCfg = Release|iPhoneSimulator
		{BE62974C-6E27-4F7E-8D8F-A8E439596144}.Release|iPhoneSimulator.Build.0 = Release|iPhoneSimulator
		{BE62974C-6E27-4F7E-8D8F-A8E439596144}.Release|iPhoneSimulator.Deploy.0 = Release|iPhoneSimulator
		{BE62974C-6E27-4F7E-8D8F-A8E439596144}.Release|x64.ActiveCfg = Release|iPhoneSimulator
		{BE62974C-6E27-4F7E-8D8F-A8E439596144}.Release|x64.Build.0 = Release|iPhoneSimulator
		{BE62974C-6E27-4F7E-8D8F-A8E439596144}.Release|x64.Deploy.0 = Release|iPhoneSimulator
		{BE62974C-6E27-4F7E-8D8F-A8E439596144}.Release|x86.ActiveCfg = Release|iPhoneSimulator
		{BE62974C-6E27-4F7E-8D8F-A8E439596144}.Release|x86.Build.0 = Release|iPhoneSimulator
		{BE62974C-6E27-4F7E-8D8F-A8E439596144}.Release|x86.Deploy.0 = Release|iPhoneSimulator
		{18C904B0-060F-4DF4-814E-0895C947FB66}.Debug|Any CPU.ActiveCfg = Debug|Any CPU
		{18C904B0-060F-4DF4-814E-0895C947FB66}.Debug|Any CPU.Build.0 = Debug|Any CPU
		{18C904B0-060F-4DF4-814E-0895C947FB66}.Debug|Any CPU.Deploy.0 = Debug|Any CPU
		{18C904B0-060F-4DF4-814E-0895C947FB66}.Debug|ARM.ActiveCfg = Debug|Any CPU
		{18C904B0-060F-4DF4-814E-0895C947FB66}.Debug|ARM.Build.0 = Debug|Any CPU
		{18C904B0-060F-4DF4-814E-0895C947FB66}.Debug|ARM.Deploy.0 = Debug|Any CPU
		{18C904B0-060F-4DF4-814E-0895C947FB66}.Debug|ARM64.ActiveCfg = Debug|Any CPU
		{18C904B0-060F-4DF4-814E-0895C947FB66}.Debug|ARM64.Build.0 = Debug|Any CPU
		{18C904B0-060F-4DF4-814E-0895C947FB66}.Debug|iPhone.ActiveCfg = Debug|Any CPU
		{18C904B0-060F-4DF4-814E-0895C947FB66}.Debug|iPhone.Build.0 = Debug|Any CPU
		{18C904B0-060F-4DF4-814E-0895C947FB66}.Debug|iPhone.Deploy.0 = Debug|Any CPU
		{18C904B0-060F-4DF4-814E-0895C947FB66}.Debug|iPhoneSimulator.ActiveCfg = Debug|Any CPU
		{18C904B0-060F-4DF4-814E-0895C947FB66}.Debug|iPhoneSimulator.Build.0 = Debug|Any CPU
		{18C904B0-060F-4DF4-814E-0895C947FB66}.Debug|iPhoneSimulator.Deploy.0 = Debug|Any CPU
		{18C904B0-060F-4DF4-814E-0895C947FB66}.Debug|x64.ActiveCfg = Debug|Any CPU
		{18C904B0-060F-4DF4-814E-0895C947FB66}.Debug|x64.Build.0 = Debug|Any CPU
		{18C904B0-060F-4DF4-814E-0895C947FB66}.Debug|x64.Deploy.0 = Debug|Any CPU
		{18C904B0-060F-4DF4-814E-0895C947FB66}.Debug|x86.ActiveCfg = Debug|Any CPU
		{18C904B0-060F-4DF4-814E-0895C947FB66}.Debug|x86.Build.0 = Debug|Any CPU
		{18C904B0-060F-4DF4-814E-0895C947FB66}.Debug|x86.Deploy.0 = Debug|Any CPU
		{18C904B0-060F-4DF4-814E-0895C947FB66}.Gorilla|Any CPU.ActiveCfg = Debug|Any CPU
		{18C904B0-060F-4DF4-814E-0895C947FB66}.Gorilla|Any CPU.Build.0 = Debug|Any CPU
		{18C904B0-060F-4DF4-814E-0895C947FB66}.Gorilla|ARM.ActiveCfg = Debug|Any CPU
		{18C904B0-060F-4DF4-814E-0895C947FB66}.Gorilla|ARM.Build.0 = Debug|Any CPU
		{18C904B0-060F-4DF4-814E-0895C947FB66}.Gorilla|ARM64.ActiveCfg = Debug|Any CPU
		{18C904B0-060F-4DF4-814E-0895C947FB66}.Gorilla|ARM64.Build.0 = Debug|Any CPU
		{18C904B0-060F-4DF4-814E-0895C947FB66}.Gorilla|iPhone.ActiveCfg = Debug|Any CPU
		{18C904B0-060F-4DF4-814E-0895C947FB66}.Gorilla|iPhone.Build.0 = Debug|Any CPU
		{18C904B0-060F-4DF4-814E-0895C947FB66}.Gorilla|iPhoneSimulator.ActiveCfg = Debug|Any CPU
		{18C904B0-060F-4DF4-814E-0895C947FB66}.Gorilla|iPhoneSimulator.Build.0 = Debug|Any CPU
		{18C904B0-060F-4DF4-814E-0895C947FB66}.Gorilla|x64.ActiveCfg = Debug|Any CPU
		{18C904B0-060F-4DF4-814E-0895C947FB66}.Gorilla|x64.Build.0 = Debug|Any CPU
		{18C904B0-060F-4DF4-814E-0895C947FB66}.Gorilla|x86.ActiveCfg = Debug|Any CPU
		{18C904B0-060F-4DF4-814E-0895C947FB66}.Gorilla|x86.Build.0 = Debug|Any CPU
		{18C904B0-060F-4DF4-814E-0895C947FB66}.Release|Any CPU.ActiveCfg = Release|Any CPU
		{18C904B0-060F-4DF4-814E-0895C947FB66}.Release|Any CPU.Build.0 = Release|Any CPU
		{18C904B0-060F-4DF4-814E-0895C947FB66}.Release|Any CPU.Deploy.0 = Release|Any CPU
		{18C904B0-060F-4DF4-814E-0895C947FB66}.Release|ARM.ActiveCfg = Release|Any CPU
		{18C904B0-060F-4DF4-814E-0895C947FB66}.Release|ARM.Build.0 = Release|Any CPU
		{18C904B0-060F-4DF4-814E-0895C947FB66}.Release|ARM.Deploy.0 = Release|Any CPU
		{18C904B0-060F-4DF4-814E-0895C947FB66}.Release|ARM64.ActiveCfg = Release|Any CPU
		{18C904B0-060F-4DF4-814E-0895C947FB66}.Release|ARM64.Build.0 = Release|Any CPU
		{18C904B0-060F-4DF4-814E-0895C947FB66}.Release|iPhone.ActiveCfg = Release|Any CPU
		{18C904B0-060F-4DF4-814E-0895C947FB66}.Release|iPhone.Build.0 = Release|Any CPU
		{18C904B0-060F-4DF4-814E-0895C947FB66}.Release|iPhone.Deploy.0 = Release|Any CPU
		{18C904B0-060F-4DF4-814E-0895C947FB66}.Release|iPhoneSimulator.ActiveCfg = Release|Any CPU
		{18C904B0-060F-4DF4-814E-0895C947FB66}.Release|iPhoneSimulator.Build.0 = Release|Any CPU
		{18C904B0-060F-4DF4-814E-0895C947FB66}.Release|iPhoneSimulator.Deploy.0 = Release|Any CPU
		{18C904B0-060F-4DF4-814E-0895C947FB66}.Release|x64.ActiveCfg = Release|Any CPU
		{18C904B0-060F-4DF4-814E-0895C947FB66}.Release|x64.Build.0 = Release|Any CPU
		{18C904B0-060F-4DF4-814E-0895C947FB66}.Release|x64.Deploy.0 = Release|Any CPU
		{18C904B0-060F-4DF4-814E-0895C947FB66}.Release|x86.ActiveCfg = Release|Any CPU
		{18C904B0-060F-4DF4-814E-0895C947FB66}.Release|x86.Build.0 = Release|Any CPU
		{18C904B0-060F-4DF4-814E-0895C947FB66}.Release|x86.Deploy.0 = Release|Any CPU
		{ADB807B9-87D7-4449-8F0F-DBEF2B697F95}.Debug|Any CPU.ActiveCfg = Debug|Any CPU
		{ADB807B9-87D7-4449-8F0F-DBEF2B697F95}.Debug|Any CPU.Build.0 = Debug|Any CPU
		{ADB807B9-87D7-4449-8F0F-DBEF2B697F95}.Debug|ARM.ActiveCfg = Debug|Any CPU
		{ADB807B9-87D7-4449-8F0F-DBEF2B697F95}.Debug|ARM.Build.0 = Debug|Any CPU
		{ADB807B9-87D7-4449-8F0F-DBEF2B697F95}.Debug|ARM64.ActiveCfg = Debug|Any CPU
		{ADB807B9-87D7-4449-8F0F-DBEF2B697F95}.Debug|ARM64.Build.0 = Debug|Any CPU
		{ADB807B9-87D7-4449-8F0F-DBEF2B697F95}.Debug|iPhone.ActiveCfg = Debug|Any CPU
		{ADB807B9-87D7-4449-8F0F-DBEF2B697F95}.Debug|iPhone.Build.0 = Debug|Any CPU
		{ADB807B9-87D7-4449-8F0F-DBEF2B697F95}.Debug|iPhoneSimulator.ActiveCfg = Debug|Any CPU
		{ADB807B9-87D7-4449-8F0F-DBEF2B697F95}.Debug|iPhoneSimulator.Build.0 = Debug|Any CPU
		{ADB807B9-87D7-4449-8F0F-DBEF2B697F95}.Debug|x64.ActiveCfg = Debug|Any CPU
		{ADB807B9-87D7-4449-8F0F-DBEF2B697F95}.Debug|x64.Build.0 = Debug|Any CPU
		{ADB807B9-87D7-4449-8F0F-DBEF2B697F95}.Debug|x86.ActiveCfg = Debug|Any CPU
		{ADB807B9-87D7-4449-8F0F-DBEF2B697F95}.Debug|x86.Build.0 = Debug|Any CPU
		{ADB807B9-87D7-4449-8F0F-DBEF2B697F95}.Gorilla|Any CPU.ActiveCfg = Gorilla|Any CPU
		{ADB807B9-87D7-4449-8F0F-DBEF2B697F95}.Gorilla|Any CPU.Build.0 = Gorilla|Any CPU
		{ADB807B9-87D7-4449-8F0F-DBEF2B697F95}.Gorilla|ARM.ActiveCfg = Gorilla|Any CPU
		{ADB807B9-87D7-4449-8F0F-DBEF2B697F95}.Gorilla|ARM.Build.0 = Gorilla|Any CPU
		{ADB807B9-87D7-4449-8F0F-DBEF2B697F95}.Gorilla|ARM64.ActiveCfg = Gorilla|Any CPU
		{ADB807B9-87D7-4449-8F0F-DBEF2B697F95}.Gorilla|ARM64.Build.0 = Gorilla|Any CPU
		{ADB807B9-87D7-4449-8F0F-DBEF2B697F95}.Gorilla|iPhone.ActiveCfg = Gorilla|Any CPU
		{ADB807B9-87D7-4449-8F0F-DBEF2B697F95}.Gorilla|iPhone.Build.0 = Gorilla|Any CPU
		{ADB807B9-87D7-4449-8F0F-DBEF2B697F95}.Gorilla|iPhoneSimulator.ActiveCfg = Gorilla|Any CPU
		{ADB807B9-87D7-4449-8F0F-DBEF2B697F95}.Gorilla|iPhoneSimulator.Build.0 = Gorilla|Any CPU
		{ADB807B9-87D7-4449-8F0F-DBEF2B697F95}.Gorilla|x64.ActiveCfg = Gorilla|Any CPU
		{ADB807B9-87D7-4449-8F0F-DBEF2B697F95}.Gorilla|x64.Build.0 = Gorilla|Any CPU
		{ADB807B9-87D7-4449-8F0F-DBEF2B697F95}.Gorilla|x86.ActiveCfg = Gorilla|Any CPU
		{ADB807B9-87D7-4449-8F0F-DBEF2B697F95}.Gorilla|x86.Build.0 = Gorilla|Any CPU
		{ADB807B9-87D7-4449-8F0F-DBEF2B697F95}.Release|Any CPU.ActiveCfg = Release|Any CPU
		{ADB807B9-87D7-4449-8F0F-DBEF2B697F95}.Release|Any CPU.Build.0 = Release|Any CPU
		{ADB807B9-87D7-4449-8F0F-DBEF2B697F95}.Release|ARM.ActiveCfg = Release|Any CPU
		{ADB807B9-87D7-4449-8F0F-DBEF2B697F95}.Release|ARM.Build.0 = Release|Any CPU
		{ADB807B9-87D7-4449-8F0F-DBEF2B697F95}.Release|ARM64.ActiveCfg = Release|Any CPU
		{ADB807B9-87D7-4449-8F0F-DBEF2B697F95}.Release|ARM64.Build.0 = Release|Any CPU
		{ADB807B9-87D7-4449-8F0F-DBEF2B697F95}.Release|iPhone.ActiveCfg = Release|Any CPU
		{ADB807B9-87D7-4449-8F0F-DBEF2B697F95}.Release|iPhone.Build.0 = Release|Any CPU
		{ADB807B9-87D7-4449-8F0F-DBEF2B697F95}.Release|iPhoneSimulator.ActiveCfg = Release|Any CPU
		{ADB807B9-87D7-4449-8F0F-DBEF2B697F95}.Release|iPhoneSimulator.Build.0 = Release|Any CPU
		{ADB807B9-87D7-4449-8F0F-DBEF2B697F95}.Release|x64.ActiveCfg = Release|Any CPU
		{ADB807B9-87D7-4449-8F0F-DBEF2B697F95}.Release|x64.Build.0 = Release|Any CPU
		{ADB807B9-87D7-4449-8F0F-DBEF2B697F95}.Release|x86.ActiveCfg = Release|Any CPU
		{ADB807B9-87D7-4449-8F0F-DBEF2B697F95}.Release|x86.Build.0 = Release|Any CPU
		{69924835-CCFB-4764-A16F-F31295748C29}.Debug|Any CPU.ActiveCfg = Debug|Any CPU
		{69924835-CCFB-4764-A16F-F31295748C29}.Debug|Any CPU.Build.0 = Debug|Any CPU
		{69924835-CCFB-4764-A16F-F31295748C29}.Debug|ARM.ActiveCfg = Debug|Any CPU
		{69924835-CCFB-4764-A16F-F31295748C29}.Debug|ARM.Build.0 = Debug|Any CPU
		{69924835-CCFB-4764-A16F-F31295748C29}.Debug|ARM64.ActiveCfg = Debug|Any CPU
		{69924835-CCFB-4764-A16F-F31295748C29}.Debug|ARM64.Build.0 = Debug|Any CPU
		{69924835-CCFB-4764-A16F-F31295748C29}.Debug|iPhone.ActiveCfg = Debug|Any CPU
		{69924835-CCFB-4764-A16F-F31295748C29}.Debug|iPhone.Build.0 = Debug|Any CPU
		{69924835-CCFB-4764-A16F-F31295748C29}.Debug|iPhoneSimulator.ActiveCfg = Debug|Any CPU
		{69924835-CCFB-4764-A16F-F31295748C29}.Debug|iPhoneSimulator.Build.0 = Debug|Any CPU
		{69924835-CCFB-4764-A16F-F31295748C29}.Debug|x64.ActiveCfg = Debug|Any CPU
		{69924835-CCFB-4764-A16F-F31295748C29}.Debug|x64.Build.0 = Debug|Any CPU
		{69924835-CCFB-4764-A16F-F31295748C29}.Debug|x86.ActiveCfg = Debug|Any CPU
		{69924835-CCFB-4764-A16F-F31295748C29}.Debug|x86.Build.0 = Debug|Any CPU
		{69924835-CCFB-4764-A16F-F31295748C29}.Gorilla|Any CPU.ActiveCfg = Debug|Any CPU
		{69924835-CCFB-4764-A16F-F31295748C29}.Gorilla|Any CPU.Build.0 = Debug|Any CPU
		{69924835-CCFB-4764-A16F-F31295748C29}.Gorilla|ARM.ActiveCfg = Debug|Any CPU
		{69924835-CCFB-4764-A16F-F31295748C29}.Gorilla|ARM.Build.0 = Debug|Any CPU
		{69924835-CCFB-4764-A16F-F31295748C29}.Gorilla|ARM64.ActiveCfg = Debug|Any CPU
		{69924835-CCFB-4764-A16F-F31295748C29}.Gorilla|ARM64.Build.0 = Debug|Any CPU
		{69924835-CCFB-4764-A16F-F31295748C29}.Gorilla|iPhone.ActiveCfg = Debug|Any CPU
		{69924835-CCFB-4764-A16F-F31295748C29}.Gorilla|iPhone.Build.0 = Debug|Any CPU
		{69924835-CCFB-4764-A16F-F31295748C29}.Gorilla|iPhoneSimulator.ActiveCfg = Debug|Any CPU
		{69924835-CCFB-4764-A16F-F31295748C29}.Gorilla|iPhoneSimulator.Build.0 = Debug|Any CPU
		{69924835-CCFB-4764-A16F-F31295748C29}.Gorilla|x64.ActiveCfg = Debug|Any CPU
		{69924835-CCFB-4764-A16F-F31295748C29}.Gorilla|x64.Build.0 = Debug|Any CPU
		{69924835-CCFB-4764-A16F-F31295748C29}.Gorilla|x86.ActiveCfg = Debug|Any CPU
		{69924835-CCFB-4764-A16F-F31295748C29}.Gorilla|x86.Build.0 = Debug|Any CPU
		{69924835-CCFB-4764-A16F-F31295748C29}.Release|Any CPU.ActiveCfg = Release|Any CPU
		{69924835-CCFB-4764-A16F-F31295748C29}.Release|Any CPU.Build.0 = Release|Any CPU
		{69924835-CCFB-4764-A16F-F31295748C29}.Release|ARM.ActiveCfg = Release|Any CPU
		{69924835-CCFB-4764-A16F-F31295748C29}.Release|ARM.Build.0 = Release|Any CPU
		{69924835-CCFB-4764-A16F-F31295748C29}.Release|ARM64.ActiveCfg = Release|Any CPU
		{69924835-CCFB-4764-A16F-F31295748C29}.Release|ARM64.Build.0 = Release|Any CPU
		{69924835-CCFB-4764-A16F-F31295748C29}.Release|iPhone.ActiveCfg = Release|Any CPU
		{69924835-CCFB-4764-A16F-F31295748C29}.Release|iPhone.Build.0 = Release|Any CPU
		{69924835-CCFB-4764-A16F-F31295748C29}.Release|iPhoneSimulator.ActiveCfg = Release|Any CPU
		{69924835-CCFB-4764-A16F-F31295748C29}.Release|iPhoneSimulator.Build.0 = Release|Any CPU
		{69924835-CCFB-4764-A16F-F31295748C29}.Release|x64.ActiveCfg = Release|Any CPU
		{69924835-CCFB-4764-A16F-F31295748C29}.Release|x64.Build.0 = Release|Any CPU
		{69924835-CCFB-4764-A16F-F31295748C29}.Release|x86.ActiveCfg = Release|Any CPU
		{69924835-CCFB-4764-A16F-F31295748C29}.Release|x86.Build.0 = Release|Any CPU
		{DEEDBFE5-B7E3-44A8-A7FB-4C377ED78A20}.Debug|Any CPU.ActiveCfg = Debug|Any CPU
		{DEEDBFE5-B7E3-44A8-A7FB-4C377ED78A20}.Debug|Any CPU.Build.0 = Debug|Any CPU
		{DEEDBFE5-B7E3-44A8-A7FB-4C377ED78A20}.Debug|ARM.ActiveCfg = Debug|Any CPU
		{DEEDBFE5-B7E3-44A8-A7FB-4C377ED78A20}.Debug|ARM.Build.0 = Debug|Any CPU
		{DEEDBFE5-B7E3-44A8-A7FB-4C377ED78A20}.Debug|ARM64.ActiveCfg = Debug|Any CPU
		{DEEDBFE5-B7E3-44A8-A7FB-4C377ED78A20}.Debug|ARM64.Build.0 = Debug|Any CPU
		{DEEDBFE5-B7E3-44A8-A7FB-4C377ED78A20}.Debug|iPhone.ActiveCfg = Debug|Any CPU
		{DEEDBFE5-B7E3-44A8-A7FB-4C377ED78A20}.Debug|iPhone.Build.0 = Debug|Any CPU
		{DEEDBFE5-B7E3-44A8-A7FB-4C377ED78A20}.Debug|iPhoneSimulator.ActiveCfg = Debug|Any CPU
		{DEEDBFE5-B7E3-44A8-A7FB-4C377ED78A20}.Debug|iPhoneSimulator.Build.0 = Debug|Any CPU
		{DEEDBFE5-B7E3-44A8-A7FB-4C377ED78A20}.Debug|x64.ActiveCfg = Debug|Any CPU
		{DEEDBFE5-B7E3-44A8-A7FB-4C377ED78A20}.Debug|x64.Build.0 = Debug|Any CPU
		{DEEDBFE5-B7E3-44A8-A7FB-4C377ED78A20}.Debug|x86.ActiveCfg = Debug|Any CPU
		{DEEDBFE5-B7E3-44A8-A7FB-4C377ED78A20}.Debug|x86.Build.0 = Debug|Any CPU
		{DEEDBFE5-B7E3-44A8-A7FB-4C377ED78A20}.Gorilla|Any CPU.ActiveCfg = Gorilla|Any CPU
		{DEEDBFE5-B7E3-44A8-A7FB-4C377ED78A20}.Gorilla|Any CPU.Build.0 = Gorilla|Any CPU
		{DEEDBFE5-B7E3-44A8-A7FB-4C377ED78A20}.Gorilla|ARM.ActiveCfg = Gorilla|Any CPU
		{DEEDBFE5-B7E3-44A8-A7FB-4C377ED78A20}.Gorilla|ARM.Build.0 = Gorilla|Any CPU
		{DEEDBFE5-B7E3-44A8-A7FB-4C377ED78A20}.Gorilla|ARM64.ActiveCfg = Gorilla|Any CPU
		{DEEDBFE5-B7E3-44A8-A7FB-4C377ED78A20}.Gorilla|ARM64.Build.0 = Gorilla|Any CPU
		{DEEDBFE5-B7E3-44A8-A7FB-4C377ED78A20}.Gorilla|iPhone.ActiveCfg = Gorilla|Any CPU
		{DEEDBFE5-B7E3-44A8-A7FB-4C377ED78A20}.Gorilla|iPhone.Build.0 = Gorilla|Any CPU
		{DEEDBFE5-B7E3-44A8-A7FB-4C377ED78A20}.Gorilla|iPhoneSimulator.ActiveCfg = Gorilla|Any CPU
		{DEEDBFE5-B7E3-44A8-A7FB-4C377ED78A20}.Gorilla|iPhoneSimulator.Build.0 = Gorilla|Any CPU
		{DEEDBFE5-B7E3-44A8-A7FB-4C377ED78A20}.Gorilla|x64.ActiveCfg = Gorilla|Any CPU
		{DEEDBFE5-B7E3-44A8-A7FB-4C377ED78A20}.Gorilla|x64.Build.0 = Gorilla|Any CPU
		{DEEDBFE5-B7E3-44A8-A7FB-4C377ED78A20}.Gorilla|x86.ActiveCfg = Gorilla|Any CPU
		{DEEDBFE5-B7E3-44A8-A7FB-4C377ED78A20}.Gorilla|x86.Build.0 = Gorilla|Any CPU
		{DEEDBFE5-B7E3-44A8-A7FB-4C377ED78A20}.Release|Any CPU.ActiveCfg = Release|Any CPU
		{DEEDBFE5-B7E3-44A8-A7FB-4C377ED78A20}.Release|Any CPU.Build.0 = Release|Any CPU
		{DEEDBFE5-B7E3-44A8-A7FB-4C377ED78A20}.Release|ARM.ActiveCfg = Release|Any CPU
		{DEEDBFE5-B7E3-44A8-A7FB-4C377ED78A20}.Release|ARM.Build.0 = Release|Any CPU
		{DEEDBFE5-B7E3-44A8-A7FB-4C377ED78A20}.Release|ARM64.ActiveCfg = Release|Any CPU
		{DEEDBFE5-B7E3-44A8-A7FB-4C377ED78A20}.Release|ARM64.Build.0 = Release|Any CPU
		{DEEDBFE5-B7E3-44A8-A7FB-4C377ED78A20}.Release|iPhone.ActiveCfg = Release|Any CPU
		{DEEDBFE5-B7E3-44A8-A7FB-4C377ED78A20}.Release|iPhone.Build.0 = Release|Any CPU
		{DEEDBFE5-B7E3-44A8-A7FB-4C377ED78A20}.Release|iPhoneSimulator.ActiveCfg = Release|Any CPU
		{DEEDBFE5-B7E3-44A8-A7FB-4C377ED78A20}.Release|iPhoneSimulator.Build.0 = Release|Any CPU
		{DEEDBFE5-B7E3-44A8-A7FB-4C377ED78A20}.Release|x64.ActiveCfg = Release|Any CPU
		{DEEDBFE5-B7E3-44A8-A7FB-4C377ED78A20}.Release|x64.Build.0 = Release|Any CPU
		{DEEDBFE5-B7E3-44A8-A7FB-4C377ED78A20}.Release|x86.ActiveCfg = Release|Any CPU
		{DEEDBFE5-B7E3-44A8-A7FB-4C377ED78A20}.Release|x86.Build.0 = Release|Any CPU
		{DE4B3620-B011-4AB8-84D8-05E073DAB97E}.Debug|Any CPU.ActiveCfg = Debug|Any CPU
		{DE4B3620-B011-4AB8-84D8-05E073DAB97E}.Debug|Any CPU.Build.0 = Debug|Any CPU
		{DE4B3620-B011-4AB8-84D8-05E073DAB97E}.Debug|ARM.ActiveCfg = Debug|Any CPU
		{DE4B3620-B011-4AB8-84D8-05E073DAB97E}.Debug|ARM.Build.0 = Debug|Any CPU
		{DE4B3620-B011-4AB8-84D8-05E073DAB97E}.Debug|ARM64.ActiveCfg = Debug|Any CPU
		{DE4B3620-B011-4AB8-84D8-05E073DAB97E}.Debug|ARM64.Build.0 = Debug|Any CPU
		{DE4B3620-B011-4AB8-84D8-05E073DAB97E}.Debug|iPhone.ActiveCfg = Debug|Any CPU
		{DE4B3620-B011-4AB8-84D8-05E073DAB97E}.Debug|iPhone.Build.0 = Debug|Any CPU
		{DE4B3620-B011-4AB8-84D8-05E073DAB97E}.Debug|iPhoneSimulator.ActiveCfg = Debug|Any CPU
		{DE4B3620-B011-4AB8-84D8-05E073DAB97E}.Debug|iPhoneSimulator.Build.0 = Debug|Any CPU
		{DE4B3620-B011-4AB8-84D8-05E073DAB97E}.Debug|x64.ActiveCfg = Debug|Any CPU
		{DE4B3620-B011-4AB8-84D8-05E073DAB97E}.Debug|x64.Build.0 = Debug|Any CPU
		{DE4B3620-B011-4AB8-84D8-05E073DAB97E}.Debug|x86.ActiveCfg = Debug|Any CPU
		{DE4B3620-B011-4AB8-84D8-05E073DAB97E}.Debug|x86.Build.0 = Debug|Any CPU
		{DE4B3620-B011-4AB8-84D8-05E073DAB97E}.Gorilla|Any CPU.ActiveCfg = Debug|Any CPU
		{DE4B3620-B011-4AB8-84D8-05E073DAB97E}.Gorilla|Any CPU.Build.0 = Debug|Any CPU
		{DE4B3620-B011-4AB8-84D8-05E073DAB97E}.Gorilla|ARM.ActiveCfg = Debug|Any CPU
		{DE4B3620-B011-4AB8-84D8-05E073DAB97E}.Gorilla|ARM.Build.0 = Debug|Any CPU
		{DE4B3620-B011-4AB8-84D8-05E073DAB97E}.Gorilla|ARM64.ActiveCfg = Debug|Any CPU
		{DE4B3620-B011-4AB8-84D8-05E073DAB97E}.Gorilla|ARM64.Build.0 = Debug|Any CPU
		{DE4B3620-B011-4AB8-84D8-05E073DAB97E}.Gorilla|iPhone.ActiveCfg = Debug|Any CPU
		{DE4B3620-B011-4AB8-84D8-05E073DAB97E}.Gorilla|iPhone.Build.0 = Debug|Any CPU
		{DE4B3620-B011-4AB8-84D8-05E073DAB97E}.Gorilla|iPhoneSimulator.ActiveCfg = Debug|Any CPU
		{DE4B3620-B011-4AB8-84D8-05E073DAB97E}.Gorilla|iPhoneSimulator.Build.0 = Debug|Any CPU
		{DE4B3620-B011-4AB8-84D8-05E073DAB97E}.Gorilla|x64.ActiveCfg = Debug|Any CPU
		{DE4B3620-B011-4AB8-84D8-05E073DAB97E}.Gorilla|x64.Build.0 = Debug|Any CPU
		{DE4B3620-B011-4AB8-84D8-05E073DAB97E}.Gorilla|x86.ActiveCfg = Debug|Any CPU
		{DE4B3620-B011-4AB8-84D8-05E073DAB97E}.Gorilla|x86.Build.0 = Debug|Any CPU
		{DE4B3620-B011-4AB8-84D8-05E073DAB97E}.Release|Any CPU.ActiveCfg = Release|Any CPU
		{DE4B3620-B011-4AB8-84D8-05E073DAB97E}.Release|Any CPU.Build.0 = Release|Any CPU
		{DE4B3620-B011-4AB8-84D8-05E073DAB97E}.Release|ARM.ActiveCfg = Release|Any CPU
		{DE4B3620-B011-4AB8-84D8-05E073DAB97E}.Release|ARM.Build.0 = Release|Any CPU
		{DE4B3620-B011-4AB8-84D8-05E073DAB97E}.Release|ARM64.ActiveCfg = Release|Any CPU
		{DE4B3620-B011-4AB8-84D8-05E073DAB97E}.Release|ARM64.Build.0 = Release|Any CPU
		{DE4B3620-B011-4AB8-84D8-05E073DAB97E}.Release|iPhone.ActiveCfg = Release|Any CPU
		{DE4B3620-B011-4AB8-84D8-05E073DAB97E}.Release|iPhone.Build.0 = Release|Any CPU
		{DE4B3620-B011-4AB8-84D8-05E073DAB97E}.Release|iPhoneSimulator.ActiveCfg = Release|Any CPU
		{DE4B3620-B011-4AB8-84D8-05E073DAB97E}.Release|iPhoneSimulator.Build.0 = Release|Any CPU
		{DE4B3620-B011-4AB8-84D8-05E073DAB97E}.Release|x64.ActiveCfg = Release|Any CPU
		{DE4B3620-B011-4AB8-84D8-05E073DAB97E}.Release|x64.Build.0 = Release|Any CPU
		{DE4B3620-B011-4AB8-84D8-05E073DAB97E}.Release|x86.ActiveCfg = Release|Any CPU
		{DE4B3620-B011-4AB8-84D8-05E073DAB97E}.Release|x86.Build.0 = Release|Any CPU
		{448253EC-BF0C-4173-885B-F9F7B92D511C}.Debug|Any CPU.ActiveCfg = Debug|Any CPU
		{448253EC-BF0C-4173-885B-F9F7B92D511C}.Debug|Any CPU.Build.0 = Debug|Any CPU
		{448253EC-BF0C-4173-885B-F9F7B92D511C}.Debug|ARM.ActiveCfg = Debug|ARM
		{448253EC-BF0C-4173-885B-F9F7B92D511C}.Debug|ARM.Build.0 = Debug|ARM
		{448253EC-BF0C-4173-885B-F9F7B92D511C}.Debug|ARM64.ActiveCfg = Debug|ARM64
		{448253EC-BF0C-4173-885B-F9F7B92D511C}.Debug|ARM64.Build.0 = Debug|ARM64
		{448253EC-BF0C-4173-885B-F9F7B92D511C}.Debug|iPhone.ActiveCfg = Debug|Any CPU
		{448253EC-BF0C-4173-885B-F9F7B92D511C}.Debug|iPhone.Build.0 = Debug|Any CPU
		{448253EC-BF0C-4173-885B-F9F7B92D511C}.Debug|iPhoneSimulator.ActiveCfg = Debug|Any CPU
		{448253EC-BF0C-4173-885B-F9F7B92D511C}.Debug|iPhoneSimulator.Build.0 = Debug|Any CPU
		{448253EC-BF0C-4173-885B-F9F7B92D511C}.Debug|x64.ActiveCfg = Debug|x64
		{448253EC-BF0C-4173-885B-F9F7B92D511C}.Debug|x64.Build.0 = Debug|x64
		{448253EC-BF0C-4173-885B-F9F7B92D511C}.Debug|x86.ActiveCfg = Debug|x86
		{448253EC-BF0C-4173-885B-F9F7B92D511C}.Debug|x86.Build.0 = Debug|x86
		{448253EC-BF0C-4173-885B-F9F7B92D511C}.Gorilla|Any CPU.ActiveCfg = Debug|Any CPU
		{448253EC-BF0C-4173-885B-F9F7B92D511C}.Gorilla|Any CPU.Build.0 = Debug|Any CPU
		{448253EC-BF0C-4173-885B-F9F7B92D511C}.Gorilla|ARM.ActiveCfg = Debug|ARM
		{448253EC-BF0C-4173-885B-F9F7B92D511C}.Gorilla|ARM.Build.0 = Debug|ARM
		{448253EC-BF0C-4173-885B-F9F7B92D511C}.Gorilla|ARM64.ActiveCfg = Debug|ARM64
		{448253EC-BF0C-4173-885B-F9F7B92D511C}.Gorilla|ARM64.Build.0 = Debug|ARM64
		{448253EC-BF0C-4173-885B-F9F7B92D511C}.Gorilla|iPhone.ActiveCfg = Debug|Any CPU
		{448253EC-BF0C-4173-885B-F9F7B92D511C}.Gorilla|iPhone.Build.0 = Debug|Any CPU
		{448253EC-BF0C-4173-885B-F9F7B92D511C}.Gorilla|iPhoneSimulator.ActiveCfg = Debug|Any CPU
		{448253EC-BF0C-4173-885B-F9F7B92D511C}.Gorilla|iPhoneSimulator.Build.0 = Debug|Any CPU
		{448253EC-BF0C-4173-885B-F9F7B92D511C}.Gorilla|x64.ActiveCfg = Debug|x64
		{448253EC-BF0C-4173-885B-F9F7B92D511C}.Gorilla|x64.Build.0 = Debug|x64
		{448253EC-BF0C-4173-885B-F9F7B92D511C}.Gorilla|x86.ActiveCfg = Debug|x86
		{448253EC-BF0C-4173-885B-F9F7B92D511C}.Gorilla|x86.Build.0 = Debug|x86
		{448253EC-BF0C-4173-885B-F9F7B92D511C}.Release|Any CPU.ActiveCfg = Release|Any CPU
		{448253EC-BF0C-4173-885B-F9F7B92D511C}.Release|Any CPU.Build.0 = Release|Any CPU
		{448253EC-BF0C-4173-885B-F9F7B92D511C}.Release|ARM.ActiveCfg = Release|ARM
		{448253EC-BF0C-4173-885B-F9F7B92D511C}.Release|ARM.Build.0 = Release|ARM
		{448253EC-BF0C-4173-885B-F9F7B92D511C}.Release|ARM64.ActiveCfg = Release|ARM64
		{448253EC-BF0C-4173-885B-F9F7B92D511C}.Release|ARM64.Build.0 = Release|ARM64
		{448253EC-BF0C-4173-885B-F9F7B92D511C}.Release|iPhone.ActiveCfg = Release|Any CPU
		{448253EC-BF0C-4173-885B-F9F7B92D511C}.Release|iPhone.Build.0 = Release|Any CPU
		{448253EC-BF0C-4173-885B-F9F7B92D511C}.Release|iPhoneSimulator.ActiveCfg = Release|Any CPU
		{448253EC-BF0C-4173-885B-F9F7B92D511C}.Release|iPhoneSimulator.Build.0 = Release|Any CPU
		{448253EC-BF0C-4173-885B-F9F7B92D511C}.Release|x64.ActiveCfg = Release|x64
		{448253EC-BF0C-4173-885B-F9F7B92D511C}.Release|x64.Build.0 = Release|x64
		{448253EC-BF0C-4173-885B-F9F7B92D511C}.Release|x86.ActiveCfg = Release|x86
		{448253EC-BF0C-4173-885B-F9F7B92D511C}.Release|x86.Build.0 = Release|x86
		{AE6393A4-D4BD-482E-B6E3-B9723AC9E8AB}.Debug|Any CPU.ActiveCfg = Debug|ARM64
		{AE6393A4-D4BD-482E-B6E3-B9723AC9E8AB}.Debug|Any CPU.Build.0 = Debug|ARM64
		{AE6393A4-D4BD-482E-B6E3-B9723AC9E8AB}.Debug|ARM.ActiveCfg = Debug|ARM
		{AE6393A4-D4BD-482E-B6E3-B9723AC9E8AB}.Debug|ARM.Build.0 = Debug|ARM
		{AE6393A4-D4BD-482E-B6E3-B9723AC9E8AB}.Debug|ARM64.ActiveCfg = Debug|ARM64
		{AE6393A4-D4BD-482E-B6E3-B9723AC9E8AB}.Debug|ARM64.Build.0 = Debug|ARM64
		{AE6393A4-D4BD-482E-B6E3-B9723AC9E8AB}.Debug|iPhone.ActiveCfg = Debug|x86
		{AE6393A4-D4BD-482E-B6E3-B9723AC9E8AB}.Debug|iPhoneSimulator.ActiveCfg = Debug|x86
		{AE6393A4-D4BD-482E-B6E3-B9723AC9E8AB}.Debug|x64.ActiveCfg = Debug|x64
		{AE6393A4-D4BD-482E-B6E3-B9723AC9E8AB}.Debug|x64.Build.0 = Debug|x64
		{AE6393A4-D4BD-482E-B6E3-B9723AC9E8AB}.Debug|x86.ActiveCfg = Debug|x86
		{AE6393A4-D4BD-482E-B6E3-B9723AC9E8AB}.Debug|x86.Build.0 = Debug|x86
		{AE6393A4-D4BD-482E-B6E3-B9723AC9E8AB}.Gorilla|Any CPU.ActiveCfg = Debug|ARM64
		{AE6393A4-D4BD-482E-B6E3-B9723AC9E8AB}.Gorilla|Any CPU.Build.0 = Debug|ARM64
		{AE6393A4-D4BD-482E-B6E3-B9723AC9E8AB}.Gorilla|ARM.ActiveCfg = Debug|ARM
		{AE6393A4-D4BD-482E-B6E3-B9723AC9E8AB}.Gorilla|ARM.Build.0 = Debug|ARM
		{AE6393A4-D4BD-482E-B6E3-B9723AC9E8AB}.Gorilla|ARM64.ActiveCfg = Debug|ARM64
		{AE6393A4-D4BD-482E-B6E3-B9723AC9E8AB}.Gorilla|ARM64.Build.0 = Debug|ARM64
		{AE6393A4-D4BD-482E-B6E3-B9723AC9E8AB}.Gorilla|iPhone.ActiveCfg = Debug|ARM64
		{AE6393A4-D4BD-482E-B6E3-B9723AC9E8AB}.Gorilla|iPhone.Build.0 = Debug|ARM64
		{AE6393A4-D4BD-482E-B6E3-B9723AC9E8AB}.Gorilla|iPhoneSimulator.ActiveCfg = Debug|ARM64
		{AE6393A4-D4BD-482E-B6E3-B9723AC9E8AB}.Gorilla|iPhoneSimulator.Build.0 = Debug|ARM64
		{AE6393A4-D4BD-482E-B6E3-B9723AC9E8AB}.Gorilla|x64.ActiveCfg = Debug|x64
		{AE6393A4-D4BD-482E-B6E3-B9723AC9E8AB}.Gorilla|x64.Build.0 = Debug|x64
		{AE6393A4-D4BD-482E-B6E3-B9723AC9E8AB}.Gorilla|x86.ActiveCfg = Debug|x86
		{AE6393A4-D4BD-482E-B6E3-B9723AC9E8AB}.Gorilla|x86.Build.0 = Debug|x86
		{AE6393A4-D4BD-482E-B6E3-B9723AC9E8AB}.Release|Any CPU.ActiveCfg = Release|x86
		{AE6393A4-D4BD-482E-B6E3-B9723AC9E8AB}.Release|ARM.ActiveCfg = Release|ARM
		{AE6393A4-D4BD-482E-B6E3-B9723AC9E8AB}.Release|ARM.Build.0 = Release|ARM
		{AE6393A4-D4BD-482E-B6E3-B9723AC9E8AB}.Release|ARM64.ActiveCfg = Release|ARM64
		{AE6393A4-D4BD-482E-B6E3-B9723AC9E8AB}.Release|ARM64.Build.0 = Release|ARM64
		{AE6393A4-D4BD-482E-B6E3-B9723AC9E8AB}.Release|iPhone.ActiveCfg = Release|x86
		{AE6393A4-D4BD-482E-B6E3-B9723AC9E8AB}.Release|iPhoneSimulator.ActiveCfg = Release|x86
		{AE6393A4-D4BD-482E-B6E3-B9723AC9E8AB}.Release|x64.ActiveCfg = Release|x64
		{AE6393A4-D4BD-482E-B6E3-B9723AC9E8AB}.Release|x64.Build.0 = Release|x64
		{AE6393A4-D4BD-482E-B6E3-B9723AC9E8AB}.Release|x86.ActiveCfg = Release|x86
		{AE6393A4-D4BD-482E-B6E3-B9723AC9E8AB}.Release|x86.Build.0 = Release|x86
		{54F96047-80DA-46AC-9566-4A7631FAC4C9}.Debug|Any CPU.ActiveCfg = Debug|x86
		{54F96047-80DA-46AC-9566-4A7631FAC4C9}.Debug|ARM.ActiveCfg = Debug|ARM
		{54F96047-80DA-46AC-9566-4A7631FAC4C9}.Debug|ARM.Build.0 = Debug|ARM
		{54F96047-80DA-46AC-9566-4A7631FAC4C9}.Debug|ARM64.ActiveCfg = Debug|ARM64
		{54F96047-80DA-46AC-9566-4A7631FAC4C9}.Debug|ARM64.Build.0 = Debug|ARM64
		{54F96047-80DA-46AC-9566-4A7631FAC4C9}.Debug|iPhone.ActiveCfg = Debug|x86
		{54F96047-80DA-46AC-9566-4A7631FAC4C9}.Debug|iPhoneSimulator.ActiveCfg = Debug|x86
		{54F96047-80DA-46AC-9566-4A7631FAC4C9}.Debug|x64.ActiveCfg = Debug|x64
		{54F96047-80DA-46AC-9566-4A7631FAC4C9}.Debug|x64.Build.0 = Debug|x64
		{54F96047-80DA-46AC-9566-4A7631FAC4C9}.Debug|x86.ActiveCfg = Debug|x86
		{54F96047-80DA-46AC-9566-4A7631FAC4C9}.Debug|x86.Build.0 = Debug|x86
		{54F96047-80DA-46AC-9566-4A7631FAC4C9}.Gorilla|Any CPU.ActiveCfg = Debug|ARM64
		{54F96047-80DA-46AC-9566-4A7631FAC4C9}.Gorilla|Any CPU.Build.0 = Debug|ARM64
		{54F96047-80DA-46AC-9566-4A7631FAC4C9}.Gorilla|ARM.ActiveCfg = Debug|ARM
		{54F96047-80DA-46AC-9566-4A7631FAC4C9}.Gorilla|ARM.Build.0 = Debug|ARM
		{54F96047-80DA-46AC-9566-4A7631FAC4C9}.Gorilla|ARM64.ActiveCfg = Debug|ARM64
		{54F96047-80DA-46AC-9566-4A7631FAC4C9}.Gorilla|ARM64.Build.0 = Debug|ARM64
		{54F96047-80DA-46AC-9566-4A7631FAC4C9}.Gorilla|iPhone.ActiveCfg = Debug|ARM64
		{54F96047-80DA-46AC-9566-4A7631FAC4C9}.Gorilla|iPhone.Build.0 = Debug|ARM64
		{54F96047-80DA-46AC-9566-4A7631FAC4C9}.Gorilla|iPhoneSimulator.ActiveCfg = Debug|ARM64
		{54F96047-80DA-46AC-9566-4A7631FAC4C9}.Gorilla|iPhoneSimulator.Build.0 = Debug|ARM64
		{54F96047-80DA-46AC-9566-4A7631FAC4C9}.Gorilla|x64.ActiveCfg = Debug|x64
		{54F96047-80DA-46AC-9566-4A7631FAC4C9}.Gorilla|x64.Build.0 = Debug|x64
		{54F96047-80DA-46AC-9566-4A7631FAC4C9}.Gorilla|x86.ActiveCfg = Debug|x86
		{54F96047-80DA-46AC-9566-4A7631FAC4C9}.Gorilla|x86.Build.0 = Debug|x86
		{54F96047-80DA-46AC-9566-4A7631FAC4C9}.Release|Any CPU.ActiveCfg = Release|x86
		{54F96047-80DA-46AC-9566-4A7631FAC4C9}.Release|ARM.ActiveCfg = Release|ARM
		{54F96047-80DA-46AC-9566-4A7631FAC4C9}.Release|ARM.Build.0 = Release|ARM
		{54F96047-80DA-46AC-9566-4A7631FAC4C9}.Release|ARM64.ActiveCfg = Release|ARM64
		{54F96047-80DA-46AC-9566-4A7631FAC4C9}.Release|ARM64.Build.0 = Release|ARM64
		{54F96047-80DA-46AC-9566-4A7631FAC4C9}.Release|iPhone.ActiveCfg = Release|x86
		{54F96047-80DA-46AC-9566-4A7631FAC4C9}.Release|iPhoneSimulator.ActiveCfg = Release|x86
		{54F96047-80DA-46AC-9566-4A7631FAC4C9}.Release|x64.ActiveCfg = Release|x64
		{54F96047-80DA-46AC-9566-4A7631FAC4C9}.Release|x64.Build.0 = Release|x64
		{54F96047-80DA-46AC-9566-4A7631FAC4C9}.Release|x86.ActiveCfg = Release|x86
		{54F96047-80DA-46AC-9566-4A7631FAC4C9}.Release|x86.Build.0 = Release|x86
	EndGlobalSection
	GlobalSection(SolutionProperties) = preSolution
		HideSolutionNode = FALSE
	EndGlobalSection
	GlobalSection(NestedProjects) = preSolution
		{ADB807B9-87D7-4449-8F0F-DBEF2B697F95} = {52078905-E039-4085-A552-B56B22205CD1}
		{69924835-CCFB-4764-A16F-F31295748C29} = {52078905-E039-4085-A552-B56B22205CD1}
		{DEEDBFE5-B7E3-44A8-A7FB-4C377ED78A20} = {52078905-E039-4085-A552-B56B22205CD1}
		{DE4B3620-B011-4AB8-84D8-05E073DAB97E} = {52078905-E039-4085-A552-B56B22205CD1}
		{448253EC-BF0C-4173-885B-F9F7B92D511C} = {52078905-E039-4085-A552-B56B22205CD1}
		{B0A288C3-140A-4713-BC75-48049D4017E3} = {48243372-BFAA-445F-AB89-3DE2EB52F921}
		{AE6393A4-D4BD-482E-B6E3-B9723AC9E8AB} = {48243372-BFAA-445F-AB89-3DE2EB52F921}
		{54F96047-80DA-46AC-9566-4A7631FAC4C9} = {48243372-BFAA-445F-AB89-3DE2EB52F921}
	EndGlobalSection
	GlobalSection(ExtensibilityGlobals) = postSolution
		SolutionGuid = {E305A8FD-210B-4A6E-97E7-68CDCCB89BD6}
	EndGlobalSection
EndGlobal
